{
  "name": "game-show-controller-fonts",
  "version": "0.1.0",
  "lockfileVersion": 3,
  "requires": true,
  "packages": {
    "": {
      "name": "game-show-controller-fonts",
      "version": "0.1.0",
      "dependencies": {
        "@fortawesome/fontawesome-pro": "^7.0.0"
      }
    },
    "node_modules/@fortawesome/fontawesome-pro": {
      "version": "7.3.0",
      "resolved": "https://npm.fontawesome.com/@fortawesome/fontawesome-pro/-/fontawesome-pro-7.3.0.tgz",
      "integrity": "sha512-Cb6Ec0Kb3TJm4IRxGKHmVFs785XN9Rkc8QqsGScoBcKljhDLDzhrkDcraUSHDBZeuILWEoujvRRN/i+XSFFfIg==",
      "license": "UNLICENSED",
      "engines": {
        "node": ">=6"
      }
    }
  }
}
